
Microsoft Visual Studio Solution File, Format Version 12.00
# Visual Studio Version 16
VisualStudioVersion = 16.0.30330.147
MinimumVisualStudioVersion = 10.0.40219.1
Project("{FAE04EC0-301F-11D3-BF4B-00C04F79EFBC}") = "Sumar", "Sumar\Sumar.csproj", "{BA2178F0-1F77-4A38-8C07-DF30140F5F44}"
EndProject
Global
	GlobalSection(SolutionConfigurationPlatforms) = preSolution
		Debug|Any CPU = Debug|Any CPU
		Release|Any CPU = Release|Any CPU
	EndGlobalSection
	GlobalSection(ProjectConfigurationPlatforms) = postSolution
		{BA2178F0-1F77-4A38-8C07-DF30140F5F44}.Debug|Any CPU.ActiveCfg = Debug|Any CPU
		{BA2178F0-1F77-4A38-8C07-DF30140F5F44}.Debug|Any CPU.Build.0 = Debug|Any CPU
		{BA2178F0-1F77-4A38-8C07-DF30140F5F44}.Release|Any CPU.ActiveCfg = Release|Any CPU
		{BA2178F0-1F77-4A38-8C07-DF30140F5F44}.Release|Any CPU.Build.0 = Release|Any CPU
	EndGlobalSection
	GlobalSection(SolutionProperties) = preSolution
		HideSolutionNode = FALSE
	EndGlobalSection
	GlobalSection(ExtensibilityGlobals) = postSolution
		SolutionGuid = {9202F8AF-0F85-408E-BAE0-9456472A437B}
	EndGlobalSection
EndGlobal
